
Microsoft Visual Studio Solution File, Format Version 12.00
# Visual Studio Version 16
VisualStudioVersion = 16.0.30709.64
MinimumVisualStudioVersion = 10.0.40219.1
Project("{FAE04EC0-301F-11D3-BF4B-00C04F79EFBC}") = "FilterDataGridNetCore", "FilterDataGridNetCore\FilterDataGridNetCore.csproj", "{B6D63ADD-A5B7-4F5A-971E-2B2A9A7FFC36}"
EndProject
Project("{FAE04EC0-301F-11D3-BF4B-00C04F79EFBC}") = "DemoApplicationNetCore", "DemoApplicationNetCore\DemoApplicationNetCore.csproj", "{74378E8E-FCE0-40EE-909F-57D40DB27F41}"
EndProject
Project("{FAE04EC0-301F-11D3-BF4B-00C04F79EFBC}") = "MahAppsTestApplication", "MahAppsTestApplication\MahAppsTestApplication.csproj", "{4243CA5A-F072-4F32-875C-92FA428B11B7}"
EndProject
Global
	GlobalSection(SolutionConfigurationPlatforms) = preSolution
		Debug|Any CPU = Debug|Any CPU
		Release|Any CPU = Release|Any CPU
	EndGlobalSection
	GlobalSection(ProjectConfigurationPlatforms) = postSolution
		{B6D63ADD-A5B7-4F5A-971E-2B2A9A7FFC36}.Debug|Any CPU.ActiveCfg = Debug|Any CPU
		{B6D63ADD-A5B7-4F5A-971E-2B2A9A7FFC36}.Debug|Any CPU.Build.0 = Debug|Any CPU
		{B6D63ADD-A5B7-4F5A-971E-2B2A9A7FFC36}.Release|Any CPU.ActiveCfg = Release|Any CPU
		{B6D63ADD-A5B7-4F5A-971E-2B2A9A7FFC36}.Release|Any CPU.Build.0 = Release|Any CPU
		{74378E8E-FCE0-40EE-909F-57D40DB27F41}.Debug|Any CPU.ActiveCfg = Debug|Any CPU
		{74378E8E-FCE0-40EE-909F-57D40DB27F41}.Debug|Any CPU.Build.0 = Debug|Any CPU
		{74378E8E-FCE0-40EE-909F-57D40DB27F41}.Release|Any CPU.ActiveCfg = Release|Any CPU
		{74378E8E-FCE0-40EE-909F-57D40DB27F41}.Release|Any CPU.Build.0 = Release|Any CPU
		{4243CA5A-F072-4F32-875C-92FA428B11B7}.Debug|Any CPU.ActiveCfg = Debug|Any CPU
		{4243CA5A-F072-4F32-875C-92FA428B11B7}.Debug|Any CPU.Build.0 = Debug|Any CPU
		{4243CA5A-F072-4F32-875C-92FA428B11B7}.Release|Any CPU.ActiveCfg = Release|Any CPU
		{4243CA5A-F072-4F32-875C-92FA428B11B7}.Release|Any CPU.Build.0 = Release|Any CPU
	EndGlobalSection
	GlobalSection(SolutionProperties) = preSolution
		HideSolutionNode = FALSE
	EndGlobalSection
	GlobalSection(ExtensibilityGlobals) = postSolution
		SolutionGuid = {F6EC7BC8-FC6A-44D2-A84C-CCD48B53A6E5}
	EndGlobalSection
EndGlobal
